{
  "name": "dragonbones-threejs",
  "version": "5.6.3",
  "lockfileVersion": 1,
  "requires": true,
  "dependencies": {
    "@types/three": {
      "version": "0.92.25",
      "resolved": "https://registry.nlark.com/@types/three/download/@types/three-0.92.25.tgz",
      "integrity": "sha1-h19AH4VBHWO9dW0uUpxUYZVhZ/I=",
      "dev": true
    },
    "tsc": {
      "version": "2.0.3",
      "resolved": "https://registry.nlark.com/tsc/download/tsc-2.0.3.tgz",
      "integrity": "sha1-A3/leeO9Z6XL2qYEtDxsGZGwS+8="
    },
    "typescript": {
      "version": "3.9.10",
      "resolved": "https://registry.nlark.com/typescript/download/typescript-3.9.10.tgz?cache=0&sync_timestamp=1629443921639&other_urls=https%3A%2F%2Fregistry.nlark.com%2Ftypescript%2Fdownload%2Ftypescript-3.9.10.tgz",
      "integrity": "sha1-cPORCselHta+952ngAaQsZv3eLg=",
      "dev": true
    },
    "uglify-js": {
      "version": "3.14.1",
      "resolved": "https://registry.nlark.com/uglify-js/download/uglify-js-3.14.1.tgz",
      "integrity": "sha1-4suf4025y0z3410dJt/qKOCafQY=",
      "dev": true
    }
  }
}
